{
  "version": 2,
  "dependencies": {
    "net10.0": {
      "asibackbone.aspnetcore": {
        "type": "Project",
        "dependencies": {
          "AsiBackbone.Core": "[5.1.0, )",
          "AsiBackbone.DependencyInjection": "[5.1.0, )"
        }
      },
      "asibackbone.core": {
        "type": "Project"
      },
      "asibackbone.dependencyinjection": {
        "type": "Project"
      }
    }
  }
}