{
  "version": 2,
  "dependencies": {
    "net10.0": {
      "Microsoft.EntityFrameworkCore.Sqlite": {
        "type": "Direct",
        "requested": "[10.0.11, )",
        "resolved": "10.0.11",
        "contentHash": "jc7iVrhQyInR3loraMESfEFaFOtQOB1mRKHjX6QYC9o7YDbfMNbAPnIwlpffnFwhXd6/27FKaaV+sWSoLd4F1g==",
        "dependencies": {
          "Microsoft.EntityFrameworkCore.Sqlite.Core": "10.0.11",
          "Microsoft.Extensions.DependencyModel": "10.0.11",
          "SQLitePCLRaw.bundle_e_sqlite3": "2.1.12",
          "SQLitePCLRaw.core": "2.1.12"
        }
      },
      "SQLitePCLRaw.bundle_e_sqlite3": {
        "type": "Direct",
        "requested": "[3.0.4, )",
        "resolved": "3.0.4",
        "contentHash": "gg8vENKV/o0pWLI0eJxnTA4X9e63rOvzkCDMAOePDGLieNSHPCGUiJ4CQDqDyNqIf6IPVzD4TOjqY5ACygZkkA==",
        "dependencies": {
          "SQLitePCLRaw.config.e_sqlite3": "3.0.4",
          "SourceGear.sqlite3": "3.53.3"
        }
      },
      "Microsoft.Data.Sqlite.Core": {
        "type": "Transitive",
        "resolved": "10.0.11",
        "contentHash": "hubA20AGenQ4Sx0ElWaPpB8DISjXpdx463+1zOGRslsT0e/t/06ITv+pHsop8CcJ0d8PZLfgnT7juCDVD79Dkw==",
        "dependencies": {
          "SQLitePCLRaw.core": "2.1.12"
        }
      },
      "Microsoft.EntityFrameworkCore.Abstractions": {
        "type": "Transitive",
        "resolved": "10.0.11",
        "contentHash": "6auJR+9+9VunznKfH7WGrHMrnrmA0F7JZ22EXzwXvVhjfnbu9Xq7NSIWaOf3KJsOanM2qf5ajJ2JR5TlcPZTLA=="
      },
      "Microsoft.EntityFrameworkCore.Analyzers": {
        "type": "Transitive",
        "resolved": "10.0.11",
        "contentHash": "Bv7X4wSSnzCQED9WYXKJ8fwgyvKwf0xZM1GO8xkf6CF9zl+UBnvjxmcPnokJRy0JKjc1SlHSzzhx1HcL4jitTQ=="
      },
      "Microsoft.EntityFrameworkCore.Sqlite.Core": {
        "type": "Transitive",
        "resolved": "10.0.11",
        "contentHash": "ywTQKt32xnVhCzjEQAqFufpEyXkOUfvW/EC/s4xnS8Xaor2xXE+TMUyzhgACqXtZEU5IR95y94RDzHto55Fx7w==",
        "dependencies": {
          "Microsoft.Data.Sqlite.Core": "10.0.11",
          "Microsoft.EntityFrameworkCore.Relational": "10.0.11",
          "Microsoft.Extensions.DependencyModel": "10.0.11",
          "SQLitePCLRaw.core": "2.1.12"
        }
      },
      "Microsoft.Extensions.DependencyModel": {
        "type": "Transitive",
        "resolved": "10.0.11",
        "contentHash": "PJPtFYsZ+r+uz9qqXWUTEyKeJ1EiBGIJtqavkg9ZXijjGSFAk4Fgi5sqIxj+uAyLZwEKgexDUQXhWhvU6l3+og=="
      },
      "SourceGear.sqlite3": {
        "type": "Transitive",
        "resolved": "3.53.3",
        "contentHash": "PaDT7JwQ00HmXZT1xSGSC0c24A5lVpJYHMrXBuJATdpB2t0nf4Kq9HyPaZhxVW0elPq4XI1s5BLh7qLuObmzFA=="
      },
      "SQLitePCLRaw.config.e_sqlite3": {
        "type": "Transitive",
        "resolved": "3.0.4",
        "contentHash": "W2HMmjAZ1v27fbyzZtONCdC8Ma/tTr5wLAIr4Iq7T4oKrYaI4occJ5TBhSdK4pltwBJLQBG5DcQMz+/w9X4bbg==",
        "dependencies": {
          "SQLitePCLRaw.provider.e_sqlite3": "3.0.4"
        }
      },
      "SQLitePCLRaw.core": {
        "type": "Transitive",
        "resolved": "3.0.4",
        "contentHash": "cOjxfdjE4zQDvDVDUBfucKGXEaYos4l4l+TVwePJEHp/nl9fkgBz/lIVgfMH5dOyKRmNi6RsptUGtZsvsD7iYQ=="
      },
      "SQLitePCLRaw.provider.e_sqlite3": {
        "type": "Transitive",
        "resolved": "3.0.4",
        "contentHash": "L4uiEKeRSXxppkGE4iSpgBgC5lNvw2zEN/hAaxTecUS1+DhC6UEFhHaakSYYvnFq7x16B7DQcaXgXy0SkhSwnw==",
        "dependencies": {
          "SQLitePCLRaw.core": "3.0.4"
        }
      },
      "asibackbone.aspnetcore": {
        "type": "Project",
        "dependencies": {
          "AsiBackbone.Core": "[3.2.1, )",
          "AsiBackbone.DependencyInjection": "[3.2.1, )"
        }
      },
      "asibackbone.core": {
        "type": "Project"
      },
      "asibackbone.dependencyinjection": {
        "type": "Project"
      },
      "asibackbone.entityframeworkcore": {
        "type": "Project",
        "dependencies": {
          "AsiBackbone.Core": "[3.2.1, )",
          "AsiBackbone.DependencyInjection": "[3.2.1, )",
          "Microsoft.EntityFrameworkCore": "[10.0.11, )",
          "Microsoft.EntityFrameworkCore.Relational": "[10.0.11, )"
        }
      },
      "asibackbone.signing.localdevelopment": {
        "type": "Project",
        "dependencies": {
          "AsiBackbone.Core": "[3.2.1, )",
          "AsiBackbone.DependencyInjection": "[3.2.1, )"
        }
      },
      "asibackbone.storage.inmemory": {
        "type": "Project",
        "dependencies": {
          "AsiBackbone.Core": "[3.2.1, )",
          "AsiBackbone.DependencyInjection": "[3.2.1, )"
        }
      },
      "Microsoft.EntityFrameworkCore": {
        "type": "CentralTransitive",
        "requested": "[10.0.11, )",
        "resolved": "10.0.11",
        "contentHash": "VOSGU8en6HZJs8t7UMFN+9vGcRgVOOn6fA44Ngcg2NyvJ3P1KE94iAb0XzaVaGhXGtt+qaM/VtEn0/hzluQJeg==",
        "dependencies": {
          "Microsoft.EntityFrameworkCore.Abstractions": "10.0.11",
          "Microsoft.EntityFrameworkCore.Analyzers": "10.0.11"
        }
      },
      "Microsoft.EntityFrameworkCore.Relational": {
        "type": "CentralTransitive",
        "requested": "[10.0.11, )",
        "resolved": "10.0.11",
        "contentHash": "grznnTJgEYxaWpdKAsTzg6j+89jHgCXWYp+QGtlX5O92+w/VuhWM6JLPYb+uw8M9VhGUvOTsO76dYOy9vNPd5Q==",
        "dependencies": {
          "Microsoft.EntityFrameworkCore": "10.0.11"
        }
      }
    }
  }
}