{
  "version": 1,
  "dependencies": {
    "net10.0": {
      "asibackbone.aspnetcore": {
        "type": "Project",
        "dependencies": {
          "AsiBackbone.Core": "[4.0.0, )",
          "AsiBackbone.DependencyInjection": "[4.0.0, )"
        }
      },
      "asibackbone.core": {
        "type": "Project"
      },
      "asibackbone.dependencyinjection": {
        "type": "Project"
      },
      "asibackbone.storage.inmemory": {
        "type": "Project",
        "dependencies": {
          "AsiBackbone.Core": "[4.0.0, )",
          "AsiBackbone.DependencyInjection": "[4.0.0, )"
        }
      }
    }
  }
}